
Microsoft Visual Studio Solution File, Format Version 12.00
# Visual Studio 15
VisualStudioVersion = 15.0.26730.15
MinimumVisualStudioVersion = 10.0.40219.1
Project("{FAE04EC0-301F-11D3-BF4B-00C04F79EFBC}") = "AdventOfCode2018", "AdventOfCode2018.csproj", "{93BB479C-D281-4F66-A2F1-445040BDB56D}"
EndProject
Global
	GlobalSection(SolutionConfigurationPlatforms) = preSolution
		Debug|Any CPU = Debug|Any CPU
		Release|Any CPU = Release|Any CPU
	EndGlobalSection
	GlobalSection(ProjectConfigurationPlatforms) = postSolution
		{93BB479C-D281-4F66-A2F1-445040BDB56D}.Debug|Any CPU.ActiveCfg = Debug|Any CPU
		{93BB479C-D281-4F66-A2F1-445040BDB56D}.Debug|Any CPU.Build.0 = Debug|Any CPU
		{93BB479C-D281-4F66-A2F1-445040BDB56D}.Release|Any CPU.ActiveCfg = Release|Any CPU
		{93BB479C-D281-4F66-A2F1-445040BDB56D}.Release|Any CPU.Build.0 = Release|Any CPU
	EndGlobalSection
	GlobalSection(SolutionProperties) = preSolution
		HideSolutionNode = FALSE
	EndGlobalSection
	GlobalSection(ExtensibilityGlobals) = postSolution
		SolutionGuid = {D1D24173-625A-4AB7-82F8-4E46A21CA587}
	EndGlobalSection
EndGlobal
